
Microsoft Visual Studio Solution File, Format Version 12.00
# Visual Studio Version 16
VisualStudioVersion = 16.0.32802.440
MinimumVisualStudioVersion = 10.0.40219.1
Project("{8BC9CEB8-8B4A-11D0-8D11-00A0C91BC942}") = "client", "client\client.vcxproj", "{739791A3-DD31-464C-B10D-084CCCC73129}"
EndProject
Project("{8BC9CEB8-8B4A-11D0-8D11-00A0C91BC942}") = "server", "server\server.vcxproj", "{407A80B1-394F-43E9-A7EE-87FE144D3DAB}"
EndProject
Global
	GlobalSection(SolutionConfigurationPlatforms) = preSolution
		Debug|x64 = Debug|x64
		Debug|x86 = Debug|x86
		Release|x64 = Release|x64
		Release|x86 = Release|x86
	EndGlobalSection
	GlobalSection(ProjectConfigurationPlatforms) = postSolution
		{739791A3-DD31-464C-B10D-084CCCC73129}.Debug|x64.ActiveCfg = Debug|x64
		{739791A3-DD31-464C-B10D-084CCCC73129}.Debug|x64.Build.0 = Debug|x64
		{739791A3-DD31-464C-B10D-084CCCC73129}.Debug|x86.ActiveCfg = Debug|Win32
		{739791A3-DD31-464C-B10D-084CCCC73129}.Debug|x86.Build.0 = Debug|Win32
		{739791A3-DD31-464C-B10D-084CCCC73129}.Release|x64.ActiveCfg = Release|x64
		{739791A3-DD31-464C-B10D-084CCCC73129}.Release|x64.Build.0 = Release|x64
		{739791A3-DD31-464C-B10D-084CCCC73129}.Release|x86.ActiveCfg = Release|Win32
		{739791A3-DD31-464C-B10D-084CCCC73129}.Release|x86.Build.0 = Release|Win32
		{407A80B1-394F-43E9-A7EE-87FE144D3DAB}.Debug|x64.ActiveCfg = Debug|x64
		{407A80B1-394F-43E9-A7EE-87FE144D3DAB}.Debug|x64.Build.0 = Debug|x64
		{407A80B1-394F-43E9-A7EE-87FE144D3DAB}.Debug|x86.ActiveCfg = Debug|Win32
		{407A80B1-394F-43E9-A7EE-87FE144D3DAB}.Debug|x86.Build.0 = Debug|Win32
		{407A80B1-394F-43E9-A7EE-87FE144D3DAB}.Release|x64.ActiveCfg = Release|x64
		{407A80B1-394F-43E9-A7EE-87FE144D3DAB}.Release|x64.Build.0 = Release|x64
		{407A80B1-394F-43E9-A7EE-87FE144D3DAB}.Release|x86.ActiveCfg = Release|Win32
		{407A80B1-394F-43E9-A7EE-87FE144D3DAB}.Release|x86.Build.0 = Release|Win32
	EndGlobalSection
	GlobalSection(SolutionProperties) = preSolution
		HideSolutionNode = FALSE
	EndGlobalSection
	GlobalSection(ExtensibilityGlobals) = postSolution
		SolutionGuid = {9612ED89-CD26-453C-95CF-FE21114E3986}
	EndGlobalSection
EndGlobal
